
Microsoft Visual Studio Solution File, Format Version 12.00
# Visual Studio Version 17
VisualStudioVersion = 17.0.31903.59
MinimumVisualStudioVersion = 10.0.40219.1
Project("{FAE04EC0-301F-11D3-BF4B-00C04F79EFBC}") = "Bifrost.Core", "Bifrost.Core\Bifrost.Core.csproj", "{A1B2C3D4-E5F6-7890-ABCD-EF1234567890}"
EndProject
Project("{FAE04EC0-301F-11D3-BF4B-00C04F79EFBC}") = "Bifrost.Tests", "Bifrost.Tests\Bifrost.Tests.csproj", "{B2C3D4E5-F6A7-8901-BCDE-F12345678901}"
EndProject
Project("{FAE04EC0-301F-11D3-BF4B-00C04F79EFBC}") = "Bifrost", "Bifrost\Bifrost.csproj", "{C3D4E5F6-A7B8-9012-CDEF-234567890123}"
EndProject
Project("{FAE04EC0-301F-11D3-BF4B-00C04F79EFBC}") = "Bifrost.HealthChecks", "Bifrost.HealthChecks\Bifrost.HealthChecks.csproj", "{C3ABE0E8-0FD9-4110-A21E-9F0E066A81D6}"
EndProject
Project("{FAE04EC0-301F-11D3-BF4B-00C04F79EFBC}") = "Bifrost.Resilience", "Bifrost.Resilience\Bifrost.Resilience.csproj", "{D4E5F6A7-B8C9-0123-DEF0-345678901234}"
EndProject
Project("{FAE04EC0-301F-11D3-BF4B-00C04F79EFBC}") = "Bifrost.OpenTelemetry", "Bifrost.OpenTelemetry\Bifrost.OpenTelemetry.csproj", "{D805A1AB-CB07-4EA7-8186-8CE0504B3A76}"
EndProject
Project("{FAE04EC0-301F-11D3-BF4B-00C04F79EFBC}") = "Bifrost.Benchmarks", "Bifrost.Benchmarks\Bifrost.Benchmarks.csproj", "{EEC5B4E5-E35C-40C2-A9B4-B75E3C197138}"
EndProject
Project("{FAE04EC0-301F-11D3-BF4B-00C04F79EFBC}") = "Bifrost.Concurrency", "Bifrost.Concurrency\Bifrost.Concurrency.csproj", "{CBB1BD26-C83E-496E-8F71-99B6D711CD6F}"
EndProject
Project("{FAE04EC0-301F-11D3-BF4B-00C04F79EFBC}") = "Bifrost.Tests.Concurrency", "Bifrost.Tests.Concurrency\Bifrost.Tests.Concurrency.csproj", "{87372EA4-9BC3-4D9C-BE00-623C4ED7F7BE}"
EndProject
Project("{FAE04EC0-301F-11D3-BF4B-00C04F79EFBC}") = "Bifrost.Scheduling.Core", "Bifrost.Scheduling.Core\Bifrost.Scheduling.Core.csproj", "{4122249A-78B2-4BA8-87BC-4286C6E4F061}"
EndProject
Project("{FAE04EC0-301F-11D3-BF4B-00C04F79EFBC}") = "Bifrost.Scheduling", "Bifrost.Scheduling\Bifrost.Scheduling.csproj", "{EDBE8F88-4DD8-4F91-AB06-DD91F513DCD2}"
EndProject
Project("{FAE04EC0-301F-11D3-BF4B-00C04F79EFBC}") = "Bifrost.Scheduling.Testing", "Bifrost.Scheduling.Testing\Bifrost.Scheduling.Testing.csproj", "{CE00AAE6-B97F-45D3-8E06-5D528B1759C5}"
EndProject
Project("{FAE04EC0-301F-11D3-BF4B-00C04F79EFBC}") = "Bifrost.Tests.Scheduling", "Bifrost.Tests.Scheduling\Bifrost.Tests.Scheduling.csproj", "{B0AA692A-D932-41E8-9B06-9EBB72343A8E}"
EndProject
Project("{FAE04EC0-301F-11D3-BF4B-00C04F79EFBC}") = "Bifrost.Scheduling.AotSmoke", "..\samples\Bifrost.Scheduling.AotSmoke\Bifrost.Scheduling.AotSmoke.csproj", "{FDF06C9A-7A2B-4422-8C48-7563DF76BCE3}"
EndProject
Global
	GlobalSection(SolutionConfigurationPlatforms) = preSolution
		Debug|Any CPU = Debug|Any CPU
		Debug|x64 = Debug|x64
		Debug|x86 = Debug|x86
		Release|Any CPU = Release|Any CPU
		Release|x64 = Release|x64
		Release|x86 = Release|x86
	EndGlobalSection
	GlobalSection(ProjectConfigurationPlatforms) = postSolution
		{A1B2C3D4-E5F6-7890-ABCD-EF1234567890}.Debug|Any CPU.ActiveCfg = Debug|Any CPU
		{A1B2C3D4-E5F6-7890-ABCD-EF1234567890}.Debug|Any CPU.Build.0 = Debug|Any CPU
		{A1B2C3D4-E5F6-7890-ABCD-EF1234567890}.Debug|x64.ActiveCfg = Debug|Any CPU
		{A1B2C3D4-E5F6-7890-ABCD-EF1234567890}.Debug|x64.Build.0 = Debug|Any CPU
		{A1B2C3D4-E5F6-7890-ABCD-EF1234567890}.Debug|x86.ActiveCfg = Debug|Any CPU
		{A1B2C3D4-E5F6-7890-ABCD-EF1234567890}.Debug|x86.Build.0 = Debug|Any CPU
		{A1B2C3D4-E5F6-7890-ABCD-EF1234567890}.Release|Any CPU.ActiveCfg = Release|Any CPU
		{A1B2C3D4-E5F6-7890-ABCD-EF1234567890}.Release|Any CPU.Build.0 = Release|Any CPU
		{A1B2C3D4-E5F6-7890-ABCD-EF1234567890}.Release|x64.ActiveCfg = Release|Any CPU
		{A1B2C3D4-E5F6-7890-ABCD-EF1234567890}.Release|x64.Build.0 = Release|Any CPU
		{A1B2C3D4-E5F6-7890-ABCD-EF1234567890}.Release|x86.ActiveCfg = Release|Any CPU
		{A1B2C3D4-E5F6-7890-ABCD-EF1234567890}.Release|x86.Build.0 = Release|Any CPU
		{B2C3D4E5-F6A7-8901-BCDE-F12345678901}.Debug|Any CPU.ActiveCfg = Debug|Any CPU
		{B2C3D4E5-F6A7-8901-BCDE-F12345678901}.Debug|Any CPU.Build.0 = Debug|Any CPU
		{B2C3D4E5-F6A7-8901-BCDE-F12345678901}.Debug|x64.ActiveCfg = Debug|Any CPU
		{B2C3D4E5-F6A7-8901-BCDE-F12345678901}.Debug|x64.Build.0 = Debug|Any CPU
		{B2C3D4E5-F6A7-8901-BCDE-F12345678901}.Debug|x86.ActiveCfg = Debug|Any CPU
		{B2C3D4E5-F6A7-8901-BCDE-F12345678901}.Debug|x86.Build.0 = Debug|Any CPU
		{B2C3D4E5-F6A7-8901-BCDE-F12345678901}.Release|Any CPU.ActiveCfg = Release|Any CPU
		{B2C3D4E5-F6A7-8901-BCDE-F12345678901}.Release|Any CPU.Build.0 = Release|Any CPU
		{B2C3D4E5-F6A7-8901-BCDE-F12345678901}.Release|x64.ActiveCfg = Release|Any CPU
		{B2C3D4E5-F6A7-8901-BCDE-F12345678901}.Release|x64.Build.0 = Release|Any CPU
		{B2C3D4E5-F6A7-8901-BCDE-F12345678901}.Release|x86.ActiveCfg = Release|Any CPU
		{B2C3D4E5-F6A7-8901-BCDE-F12345678901}.Release|x86.Build.0 = Release|Any CPU
		{C3D4E5F6-A7B8-9012-CDEF-234567890123}.Debug|Any CPU.ActiveCfg = Debug|Any CPU
		{C3D4E5F6-A7B8-9012-CDEF-234567890123}.Debug|Any CPU.Build.0 = Debug|Any CPU
		{C3D4E5F6-A7B8-9012-CDEF-234567890123}.Debug|x64.ActiveCfg = Debug|Any CPU
		{C3D4E5F6-A7B8-9012-CDEF-234567890123}.Debug|x64.Build.0 = Debug|Any CPU
		{C3D4E5F6-A7B8-9012-CDEF-234567890123}.Debug|x86.ActiveCfg = Debug|Any CPU
		{C3D4E5F6-A7B8-9012-CDEF-234567890123}.Debug|x86.Build.0 = Debug|Any CPU
		{C3D4E5F6-A7B8-9012-CDEF-234567890123}.Release|Any CPU.ActiveCfg = Release|Any CPU
		{C3D4E5F6-A7B8-9012-CDEF-234567890123}.Release|Any CPU.Build.0 = Release|Any CPU
		{C3D4E5F6-A7B8-9012-CDEF-234567890123}.Release|x64.ActiveCfg = Release|Any CPU
		{C3D4E5F6-A7B8-9012-CDEF-234567890123}.Release|x64.Build.0 = Release|Any CPU
		{C3D4E5F6-A7B8-9012-CDEF-234567890123}.Release|x86.ActiveCfg = Release|Any CPU
		{C3D4E5F6-A7B8-9012-CDEF-234567890123}.Release|x86.Build.0 = Release|Any CPU
		{C3ABE0E8-0FD9-4110-A21E-9F0E066A81D6}.Debug|Any CPU.ActiveCfg = Debug|Any CPU
		{C3ABE0E8-0FD9-4110-A21E-9F0E066A81D6}.Debug|Any CPU.Build.0 = Debug|Any CPU
		{C3ABE0E8-0FD9-4110-A21E-9F0E066A81D6}.Debug|x64.ActiveCfg = Debug|Any CPU
		{C3ABE0E8-0FD9-4110-A21E-9F0E066A81D6}.Debug|x64.Build.0 = Debug|Any CPU
		{C3ABE0E8-0FD9-4110-A21E-9F0E066A81D6}.Debug|x86.ActiveCfg = Debug|Any CPU
		{C3ABE0E8-0FD9-4110-A21E-9F0E066A81D6}.Debug|x86.Build.0 = Debug|Any CPU
		{C3ABE0E8-0FD9-4110-A21E-9F0E066A81D6}.Release|Any CPU.ActiveCfg = Release|Any CPU
		{C3ABE0E8-0FD9-4110-A21E-9F0E066A81D6}.Release|Any CPU.Build.0 = Release|Any CPU
		{C3ABE0E8-0FD9-4110-A21E-9F0E066A81D6}.Release|x64.ActiveCfg = Release|Any CPU
		{C3ABE0E8-0FD9-4110-A21E-9F0E066A81D6}.Release|x64.Build.0 = Release|Any CPU
		{C3ABE0E8-0FD9-4110-A21E-9F0E066A81D6}.Release|x86.ActiveCfg = Release|Any CPU
		{C3ABE0E8-0FD9-4110-A21E-9F0E066A81D6}.Release|x86.Build.0 = Release|Any CPU
		{D4E5F6A7-B8C9-0123-DEF0-345678901234}.Debug|Any CPU.ActiveCfg = Debug|Any CPU
		{D4E5F6A7-B8C9-0123-DEF0-345678901234}.Debug|Any CPU.Build.0 = Debug|Any CPU
		{D4E5F6A7-B8C9-0123-DEF0-345678901234}.Debug|x64.ActiveCfg = Debug|Any CPU
		{D4E5F6A7-B8C9-0123-DEF0-345678901234}.Debug|x64.Build.0 = Debug|Any CPU
		{D4E5F6A7-B8C9-0123-DEF0-345678901234}.Debug|x86.ActiveCfg = Debug|Any CPU
		{D4E5F6A7-B8C9-0123-DEF0-345678901234}.Debug|x86.Build.0 = Debug|Any CPU
		{D4E5F6A7-B8C9-0123-DEF0-345678901234}.Release|Any CPU.ActiveCfg = Release|Any CPU
		{D4E5F6A7-B8C9-0123-DEF0-345678901234}.Release|Any CPU.Build.0 = Release|Any CPU
		{D4E5F6A7-B8C9-0123-DEF0-345678901234}.Release|x64.ActiveCfg = Release|Any CPU
		{D4E5F6A7-B8C9-0123-DEF0-345678901234}.Release|x64.Build.0 = Release|Any CPU
		{D4E5F6A7-B8C9-0123-DEF0-345678901234}.Release|x86.ActiveCfg = Release|Any CPU
		{D4E5F6A7-B8C9-0123-DEF0-345678901234}.Release|x86.Build.0 = Release|Any CPU
		{D805A1AB-CB07-4EA7-8186-8CE0504B3A76}.Debug|Any CPU.ActiveCfg = Debug|Any CPU
		{D805A1AB-CB07-4EA7-8186-8CE0504B3A76}.Debug|Any CPU.Build.0 = Debug|Any CPU
		{D805A1AB-CB07-4EA7-8186-8CE0504B3A76}.Debug|x64.ActiveCfg = Debug|Any CPU
		{D805A1AB-CB07-4EA7-8186-8CE0504B3A76}.Debug|x64.Build.0 = Debug|Any CPU
		{D805A1AB-CB07-4EA7-8186-8CE0504B3A76}.Debug|x86.ActiveCfg = Debug|Any CPU
		{D805A1AB-CB07-4EA7-8186-8CE0504B3A76}.Debug|x86.Build.0 = Debug|Any CPU
		{D805A1AB-CB07-4EA7-8186-8CE0504B3A76}.Release|Any CPU.ActiveCfg = Release|Any CPU
		{D805A1AB-CB07-4EA7-8186-8CE0504B3A76}.Release|Any CPU.Build.0 = Release|Any CPU
		{D805A1AB-CB07-4EA7-8186-8CE0504B3A76}.Release|x64.ActiveCfg = Release|Any CPU
		{D805A1AB-CB07-4EA7-8186-8CE0504B3A76}.Release|x64.Build.0 = Release|Any CPU
		{D805A1AB-CB07-4EA7-8186-8CE0504B3A76}.Release|x86.ActiveCfg = Release|Any CPU
		{D805A1AB-CB07-4EA7-8186-8CE0504B3A76}.Release|x86.Build.0 = Release|Any CPU
		{EEC5B4E5-E35C-40C2-A9B4-B75E3C197138}.Debug|Any CPU.ActiveCfg = Debug|Any CPU
		{EEC5B4E5-E35C-40C2-A9B4-B75E3C197138}.Debug|Any CPU.Build.0 = Debug|Any CPU
		{EEC5B4E5-E35C-40C2-A9B4-B75E3C197138}.Debug|x64.ActiveCfg = Debug|Any CPU
		{EEC5B4E5-E35C-40C2-A9B4-B75E3C197138}.Debug|x64.Build.0 = Debug|Any CPU
		{EEC5B4E5-E35C-40C2-A9B4-B75E3C197138}.Debug|x86.ActiveCfg = Debug|Any CPU
		{EEC5B4E5-E35C-40C2-A9B4-B75E3C197138}.Debug|x86.Build.0 = Debug|Any CPU
		{EEC5B4E5-E35C-40C2-A9B4-B75E3C197138}.Release|Any CPU.ActiveCfg = Release|Any CPU
		{EEC5B4E5-E35C-40C2-A9B4-B75E3C197138}.Release|Any CPU.Build.0 = Release|Any CPU
		{EEC5B4E5-E35C-40C2-A9B4-B75E3C197138}.Release|x64.ActiveCfg = Release|Any CPU
		{EEC5B4E5-E35C-40C2-A9B4-B75E3C197138}.Release|x64.Build.0 = Release|Any CPU
		{EEC5B4E5-E35C-40C2-A9B4-B75E3C197138}.Release|x86.ActiveCfg = Release|Any CPU
		{EEC5B4E5-E35C-40C2-A9B4-B75E3C197138}.Release|x86.Build.0 = Release|Any CPU
		{CBB1BD26-C83E-496E-8F71-99B6D711CD6F}.Debug|Any CPU.ActiveCfg = Debug|Any CPU
		{CBB1BD26-C83E-496E-8F71-99B6D711CD6F}.Debug|Any CPU.Build.0 = Debug|Any CPU
		{CBB1BD26-C83E-496E-8F71-99B6D711CD6F}.Debug|x64.ActiveCfg = Debug|Any CPU
		{CBB1BD26-C83E-496E-8F71-99B6D711CD6F}.Debug|x64.Build.0 = Debug|Any CPU
		{CBB1BD26-C83E-496E-8F71-99B6D711CD6F}.Debug|x86.ActiveCfg = Debug|Any CPU
		{CBB1BD26-C83E-496E-8F71-99B6D711CD6F}.Debug|x86.Build.0 = Debug|Any CPU
		{CBB1BD26-C83E-496E-8F71-99B6D711CD6F}.Release|Any CPU.ActiveCfg = Release|Any CPU
		{CBB1BD26-C83E-496E-8F71-99B6D711CD6F}.Release|Any CPU.Build.0 = Release|Any CPU
		{CBB1BD26-C83E-496E-8F71-99B6D711CD6F}.Release|x64.ActiveCfg = Release|Any CPU
		{CBB1BD26-C83E-496E-8F71-99B6D711CD6F}.Release|x64.Build.0 = Release|Any CPU
		{CBB1BD26-C83E-496E-8F71-99B6D711CD6F}.Release|x86.ActiveCfg = Release|Any CPU
		{CBB1BD26-C83E-496E-8F71-99B6D711CD6F}.Release|x86.Build.0 = Release|Any CPU
		{87372EA4-9BC3-4D9C-BE00-623C4ED7F7BE}.Debug|Any CPU.ActiveCfg = Debug|Any CPU
		{87372EA4-9BC3-4D9C-BE00-623C4ED7F7BE}.Debug|Any CPU.Build.0 = Debug|Any CPU
		{87372EA4-9BC3-4D9C-BE00-623C4ED7F7BE}.Debug|x64.ActiveCfg = Debug|Any CPU
		{87372EA4-9BC3-4D9C-BE00-623C4ED7F7BE}.Debug|x64.Build.0 = Debug|Any CPU
		{87372EA4-9BC3-4D9C-BE00-623C4ED7F7BE}.Debug|x86.ActiveCfg = Debug|Any CPU
		{87372EA4-9BC3-4D9C-BE00-623C4ED7F7BE}.Debug|x86.Build.0 = Debug|Any CPU
		{87372EA4-9BC3-4D9C-BE00-623C4ED7F7BE}.Release|Any CPU.ActiveCfg = Release|Any CPU
		{87372EA4-9BC3-4D9C-BE00-623C4ED7F7BE}.Release|Any CPU.Build.0 = Release|Any CPU
		{87372EA4-9BC3-4D9C-BE00-623C4ED7F7BE}.Release|x64.ActiveCfg = Release|Any CPU
		{87372EA4-9BC3-4D9C-BE00-623C4ED7F7BE}.Release|x64.Build.0 = Release|Any CPU
		{87372EA4-9BC3-4D9C-BE00-623C4ED7F7BE}.Release|x86.ActiveCfg = Release|Any CPU
		{87372EA4-9BC3-4D9C-BE00-623C4ED7F7BE}.Release|x86.Build.0 = Release|Any CPU
		{4122249A-78B2-4BA8-87BC-4286C6E4F061}.Debug|Any CPU.ActiveCfg = Debug|Any CPU
		{4122249A-78B2-4BA8-87BC-4286C6E4F061}.Debug|Any CPU.Build.0 = Debug|Any CPU
		{4122249A-78B2-4BA8-87BC-4286C6E4F061}.Debug|x64.ActiveCfg = Debug|Any CPU
		{4122249A-78B2-4BA8-87BC-4286C6E4F061}.Debug|x64.Build.0 = Debug|Any CPU
		{4122249A-78B2-4BA8-87BC-4286C6E4F061}.Debug|x86.ActiveCfg = Debug|Any CPU
		{4122249A-78B2-4BA8-87BC-4286C6E4F061}.Debug|x86.Build.0 = Debug|Any CPU
		{4122249A-78B2-4BA8-87BC-4286C6E4F061}.Release|Any CPU.ActiveCfg = Release|Any CPU
		{4122249A-78B2-4BA8-87BC-4286C6E4F061}.Release|Any CPU.Build.0 = Release|Any CPU
		{4122249A-78B2-4BA8-87BC-4286C6E4F061}.Release|x64.ActiveCfg = Release|Any CPU
		{4122249A-78B2-4BA8-87BC-4286C6E4F061}.Release|x64.Build.0 = Release|Any CPU
		{4122249A-78B2-4BA8-87BC-4286C6E4F061}.Release|x86.ActiveCfg = Release|Any CPU
		{4122249A-78B2-4BA8-87BC-4286C6E4F061}.Release|x86.Build.0 = Release|Any CPU
		{EDBE8F88-4DD8-4F91-AB06-DD91F513DCD2}.Debug|Any CPU.ActiveCfg = Debug|Any CPU
		{EDBE8F88-4DD8-4F91-AB06-DD91F513DCD2}.Debug|Any CPU.Build.0 = Debug|Any CPU
		{EDBE8F88-4DD8-4F91-AB06-DD91F513DCD2}.Debug|x64.ActiveCfg = Debug|Any CPU
		{EDBE8F88-4DD8-4F91-AB06-DD91F513DCD2}.Debug|x64.Build.0 = Debug|Any CPU
		{EDBE8F88-4DD8-4F91-AB06-DD91F513DCD2}.Debug|x86.ActiveCfg = Debug|Any CPU
		{EDBE8F88-4DD8-4F91-AB06-DD91F513DCD2}.Debug|x86.Build.0 = Debug|Any CPU
		{EDBE8F88-4DD8-4F91-AB06-DD91F513DCD2}.Release|Any CPU.ActiveCfg = Release|Any CPU
		{EDBE8F88-4DD8-4F91-AB06-DD91F513DCD2}.Release|Any CPU.Build.0 = Release|Any CPU
		{EDBE8F88-4DD8-4F91-AB06-DD91F513DCD2}.Release|x64.ActiveCfg = Release|Any CPU
		{EDBE8F88-4DD8-4F91-AB06-DD91F513DCD2}.Release|x64.Build.0 = Release|Any CPU
		{EDBE8F88-4DD8-4F91-AB06-DD91F513DCD2}.Release|x86.ActiveCfg = Release|Any CPU
		{EDBE8F88-4DD8-4F91-AB06-DD91F513DCD2}.Release|x86.Build.0 = Release|Any CPU
		{CE00AAE6-B97F-45D3-8E06-5D528B1759C5}.Debug|Any CPU.ActiveCfg = Debug|Any CPU
		{CE00AAE6-B97F-45D3-8E06-5D528B1759C5}.Debug|Any CPU.Build.0 = Debug|Any CPU
		{CE00AAE6-B97F-45D3-8E06-5D528B1759C5}.Debug|x64.ActiveCfg = Debug|Any CPU
		{CE00AAE6-B97F-45D3-8E06-5D528B1759C5}.Debug|x64.Build.0 = Debug|Any CPU
		{CE00AAE6-B97F-45D3-8E06-5D528B1759C5}.Debug|x86.ActiveCfg = Debug|Any CPU
		{CE00AAE6-B97F-45D3-8E06-5D528B1759C5}.Debug|x86.Build.0 = Debug|Any CPU
		{CE00AAE6-B97F-45D3-8E06-5D528B1759C5}.Release|Any CPU.ActiveCfg = Release|Any CPU
		{CE00AAE6-B97F-45D3-8E06-5D528B1759C5}.Release|Any CPU.Build.0 = Release|Any CPU
		{CE00AAE6-B97F-45D3-8E06-5D528B1759C5}.Release|x64.ActiveCfg = Release|Any CPU
		{CE00AAE6-B97F-45D3-8E06-5D528B1759C5}.Release|x64.Build.0 = Release|Any CPU
		{CE00AAE6-B97F-45D3-8E06-5D528B1759C5}.Release|x86.ActiveCfg = Release|Any CPU
		{CE00AAE6-B97F-45D3-8E06-5D528B1759C5}.Release|x86.Build.0 = Release|Any CPU
		{B0AA692A-D932-41E8-9B06-9EBB72343A8E}.Debug|Any CPU.ActiveCfg = Debug|Any CPU
		{B0AA692A-D932-41E8-9B06-9EBB72343A8E}.Debug|Any CPU.Build.0 = Debug|Any CPU
		{B0AA692A-D932-41E8-9B06-9EBB72343A8E}.Debug|x64.ActiveCfg = Debug|Any CPU
		{B0AA692A-D932-41E8-9B06-9EBB72343A8E}.Debug|x64.Build.0 = Debug|Any CPU
		{B0AA692A-D932-41E8-9B06-9EBB72343A8E}.Debug|x86.ActiveCfg = Debug|Any CPU
		{B0AA692A-D932-41E8-9B06-9EBB72343A8E}.Debug|x86.Build.0 = Debug|Any CPU
		{B0AA692A-D932-41E8-9B06-9EBB72343A8E}.Release|Any CPU.ActiveCfg = Release|Any CPU
		{B0AA692A-D932-41E8-9B06-9EBB72343A8E}.Release|Any CPU.Build.0 = Release|Any CPU
		{B0AA692A-D932-41E8-9B06-9EBB72343A8E}.Release|x64.ActiveCfg = Release|Any CPU
		{B0AA692A-D932-41E8-9B06-9EBB72343A8E}.Release|x64.Build.0 = Release|Any CPU
		{B0AA692A-D932-41E8-9B06-9EBB72343A8E}.Release|x86.ActiveCfg = Release|Any CPU
		{B0AA692A-D932-41E8-9B06-9EBB72343A8E}.Release|x86.Build.0 = Release|Any CPU
		{FDF06C9A-7A2B-4422-8C48-7563DF76BCE3}.Debug|Any CPU.ActiveCfg = Debug|Any CPU
		{FDF06C9A-7A2B-4422-8C48-7563DF76BCE3}.Debug|Any CPU.Build.0 = Debug|Any CPU
		{FDF06C9A-7A2B-4422-8C48-7563DF76BCE3}.Debug|x64.ActiveCfg = Debug|Any CPU
		{FDF06C9A-7A2B-4422-8C48-7563DF76BCE3}.Debug|x64.Build.0 = Debug|Any CPU
		{FDF06C9A-7A2B-4422-8C48-7563DF76BCE3}.Debug|x86.ActiveCfg = Debug|Any CPU
		{FDF06C9A-7A2B-4422-8C48-7563DF76BCE3}.Debug|x86.Build.0 = Debug|Any CPU
		{FDF06C9A-7A2B-4422-8C48-7563DF76BCE3}.Release|Any CPU.ActiveCfg = Release|Any CPU
		{FDF06C9A-7A2B-4422-8C48-7563DF76BCE3}.Release|Any CPU.Build.0 = Release|Any CPU
		{FDF06C9A-7A2B-4422-8C48-7563DF76BCE3}.Release|x64.ActiveCfg = Release|Any CPU
		{FDF06C9A-7A2B-4422-8C48-7563DF76BCE3}.Release|x64.Build.0 = Release|Any CPU
		{FDF06C9A-7A2B-4422-8C48-7563DF76BCE3}.Release|x86.ActiveCfg = Release|Any CPU
		{FDF06C9A-7A2B-4422-8C48-7563DF76BCE3}.Release|x86.Build.0 = Release|Any CPU
	EndGlobalSection
	GlobalSection(SolutionProperties) = preSolution
		HideSolutionNode = FALSE
	EndGlobalSection
EndGlobal
